
Microsoft Visual Studio Solution File, Format Version 12.00
# Visual Studio 2013
VisualStudioVersion = 12.0.31101.0
MinimumVisualStudioVersion = 10.0.40219.1
Project("{FAE04EC0-301F-11D3-BF4B-00C04F79EFBC}") = "TuyenDung", "TuyenDung\TuyenDung.csproj", "{9B65F2F0-49DC-4354-867D-0A1CEFB63C1A}"
EndProject
Project("{FAE04EC0-301F-11D3-BF4B-00C04F79EFBC}") = "Robot", "Robot\Robot.csproj", "{B14E3CED-0B10-4036-8B61-3E4C65EECF2E}"
EndProject
Project("{6141683F-8A12-4E36-9623-2EB02B2C2303}") = "RobotSetup", "RobotSetup\RobotSetup.isproj", "{CA00AF9C-31EE-4981-B196-B1371EEB80FD}"
	ProjectSection(ProjectDependencies) = postProject
		{B14E3CED-0B10-4036-8B61-3E4C65EECF2E} = {B14E3CED-0B10-4036-8B61-3E4C65EECF2E}
	EndProjectSection
EndProject
Project("{FAE04EC0-301F-11D3-BF4B-00C04F79EFBC}") = "AutoBot", "AutoBot\AutoBot.csproj", "{17F3DE60-68F7-481D-A2CC-AC43675A199D}"
EndProject
Global
	GlobalSection(SolutionConfigurationPlatforms) = preSolution
		CD_ROM|Any CPU = CD_ROM|Any CPU
		Debug|Any CPU = Debug|Any CPU
		DVD-5|Any CPU = DVD-5|Any CPU
		Release|Any CPU = Release|Any CPU
		SingleImage|Any CPU = SingleImage|Any CPU
	EndGlobalSection
	GlobalSection(ProjectConfigurationPlatforms) = postSolution
		{9B65F2F0-49DC-4354-867D-0A1CEFB63C1A}.CD_ROM|Any CPU.ActiveCfg = Release|Any CPU
		{9B65F2F0-49DC-4354-867D-0A1CEFB63C1A}.CD_ROM|Any CPU.Build.0 = Release|Any CPU
		{9B65F2F0-49DC-4354-867D-0A1CEFB63C1A}.Debug|Any CPU.ActiveCfg = Debug|Any CPU
		{9B65F2F0-49DC-4354-867D-0A1CEFB63C1A}.Debug|Any CPU.Build.0 = Debug|Any CPU
		{9B65F2F0-49DC-4354-867D-0A1CEFB63C1A}.DVD-5|Any CPU.ActiveCfg = Debug|Any CPU
		{9B65F2F0-49DC-4354-867D-0A1CEFB63C1A}.DVD-5|Any CPU.Build.0 = Debug|Any CPU
		{9B65F2F0-49DC-4354-867D-0A1CEFB63C1A}.Release|Any CPU.ActiveCfg = Release|Any CPU
		{9B65F2F0-49DC-4354-867D-0A1CEFB63C1A}.Release|Any CPU.Build.0 = Release|Any CPU
		{9B65F2F0-49DC-4354-867D-0A1CEFB63C1A}.SingleImage|Any CPU.ActiveCfg = Release|Any CPU
		{9B65F2F0-49DC-4354-867D-0A1CEFB63C1A}.SingleImage|Any CPU.Build.0 = Release|Any CPU
		{B14E3CED-0B10-4036-8B61-3E4C65EECF2E}.CD_ROM|Any CPU.ActiveCfg = Release|Any CPU
		{B14E3CED-0B10-4036-8B61-3E4C65EECF2E}.CD_ROM|Any CPU.Build.0 = Release|Any CPU
		{B14E3CED-0B10-4036-8B61-3E4C65EECF2E}.Debug|Any CPU.ActiveCfg = Debug|Any CPU
		{B14E3CED-0B10-4036-8B61-3E4C65EECF2E}.Debug|Any CPU.Build.0 = Debug|Any CPU
		{B14E3CED-0B10-4036-8B61-3E4C65EECF2E}.DVD-5|Any CPU.ActiveCfg = Debug|Any CPU
		{B14E3CED-0B10-4036-8B61-3E4C65EECF2E}.DVD-5|Any CPU.Build.0 = Debug|Any CPU
		{B14E3CED-0B10-4036-8B61-3E4C65EECF2E}.Release|Any CPU.ActiveCfg = Release|Any CPU
		{B14E3CED-0B10-4036-8B61-3E4C65EECF2E}.Release|Any CPU.Build.0 = Release|Any CPU
		{B14E3CED-0B10-4036-8B61-3E4C65EECF2E}.SingleImage|Any CPU.ActiveCfg = Release|Any CPU
		{B14E3CED-0B10-4036-8B61-3E4C65EECF2E}.SingleImage|Any CPU.Build.0 = Release|Any CPU
		{CA00AF9C-31EE-4981-B196-B1371EEB80FD}.CD_ROM|Any CPU.ActiveCfg = CD_ROM
		{CA00AF9C-31EE-4981-B196-B1371EEB80FD}.CD_ROM|Any CPU.Build.0 = CD_ROM
		{CA00AF9C-31EE-4981-B196-B1371EEB80FD}.Debug|Any CPU.ActiveCfg = DVD-5
		{CA00AF9C-31EE-4981-B196-B1371EEB80FD}.Debug|Any CPU.Build.0 = DVD-5
		{CA00AF9C-31EE-4981-B196-B1371EEB80FD}.DVD-5|Any CPU.ActiveCfg = DVD-5
		{CA00AF9C-31EE-4981-B196-B1371EEB80FD}.DVD-5|Any CPU.Build.0 = DVD-5
		{CA00AF9C-31EE-4981-B196-B1371EEB80FD}.Release|Any CPU.ActiveCfg = SingleImage
		{CA00AF9C-31EE-4981-B196-B1371EEB80FD}.Release|Any CPU.Build.0 = SingleImage
		{CA00AF9C-31EE-4981-B196-B1371EEB80FD}.SingleImage|Any CPU.ActiveCfg = SingleImage
		{CA00AF9C-31EE-4981-B196-B1371EEB80FD}.SingleImage|Any CPU.Build.0 = SingleImage
		{17F3DE60-68F7-481D-A2CC-AC43675A199D}.CD_ROM|Any CPU.ActiveCfg = Release|Any CPU
		{17F3DE60-68F7-481D-A2CC-AC43675A199D}.CD_ROM|Any CPU.Build.0 = Release|Any CPU
		{17F3DE60-68F7-481D-A2CC-AC43675A199D}.Debug|Any CPU.ActiveCfg = Debug|Any CPU
		{17F3DE60-68F7-481D-A2CC-AC43675A199D}.Debug|Any CPU.Build.0 = Debug|Any CPU
		{17F3DE60-68F7-481D-A2CC-AC43675A199D}.DVD-5|Any CPU.ActiveCfg = Debug|Any CPU
		{17F3DE60-68F7-481D-A2CC-AC43675A199D}.DVD-5|Any CPU.Build.0 = Debug|Any CPU
		{17F3DE60-68F7-481D-A2CC-AC43675A199D}.Release|Any CPU.ActiveCfg = Release|Any CPU
		{17F3DE60-68F7-481D-A2CC-AC43675A199D}.Release|Any CPU.Build.0 = Release|Any CPU
		{17F3DE60-68F7-481D-A2CC-AC43675A199D}.SingleImage|Any CPU.ActiveCfg = Release|Any CPU
		{17F3DE60-68F7-481D-A2CC-AC43675A199D}.SingleImage|Any CPU.Build.0 = Release|Any CPU
	EndGlobalSection
	GlobalSection(SolutionProperties) = preSolution
		HideSolutionNode = FALSE
	EndGlobalSection
EndGlobal
